{
  "name": "restaurant-css-framework",
  "version": "1.0.0",
  "lockfileVersion": 1,
  "requires": true,
  "dependencies": {
    "jquery": {
      "version": "3.5.0",
      "resolved": "https://registry.npmjs.org/jquery/-/jquery-3.5.0.tgz",
      "integrity": "sha512-Xb7SVYMvygPxbFMpTFQiHh1J7HClEaThguL15N/Gg37Lri/qKyhRGZYzHRyLH8Stq3Aow0LsHO2O2ci86fCrNQ=="
    },
    "simplelightbox": {
      "version": "1.17.2",
      "resolved": "https://registry.npmjs.org/simplelightbox/-/simplelightbox-1.17.2.tgz",
      "integrity": "sha512-LbVFh5UPUacxu/8XupgJ3nMfLxl+o6JCY/EiF9KgTCltKoNZOzUAspElwYqJ3O4YfPmUEzlyEJZyfOKAXE7Bnw==",
      "requires": {
        "jquery": ">=1.7.0"
      }
    }
  }
}
